
Microsoft Visual Studio Solution File, Format Version 12.00
# Visual Studio Version 17
VisualStudioVersion = 17.3.32819.101
MinimumVisualStudioVersion = 10.0.40219.1
Project("{FAE04EC0-301F-11D3-BF4B-00C04F79EFBC}") = "API JIRA", "API JIRA\API JIRA.csproj", "{3763ECB5-5CF9-44C1-85AA-62B50E4428CB}"
EndProject
Global
	GlobalSection(SolutionConfigurationPlatforms) = preSolution
		Debug|Any CPU = Debug|Any CPU
		Release|Any CPU = Release|Any CPU
	EndGlobalSection
	GlobalSection(ProjectConfigurationPlatforms) = postSolution
		{3763ECB5-5CF9-44C1-85AA-62B50E4428CB}.Debug|Any CPU.ActiveCfg = Debug|Any CPU
		{3763ECB5-5CF9-44C1-85AA-62B50E4428CB}.Debug|Any CPU.Build.0 = Debug|Any CPU
		{3763ECB5-5CF9-44C1-85AA-62B50E4428CB}.Release|Any CPU.ActiveCfg = Release|Any CPU
		{3763ECB5-5CF9-44C1-85AA-62B50E4428CB}.Release|Any CPU.Build.0 = Release|Any CPU
	EndGlobalSection
	GlobalSection(SolutionProperties) = preSolution
		HideSolutionNode = FALSE
	EndGlobalSection
	GlobalSection(ExtensibilityGlobals) = postSolution
		SolutionGuid = {D09F728B-B83A-48FD-8BEE-196B09F58CD8}
	EndGlobalSection
EndGlobal
